
Microsoft Visual Studio Solution File, Format Version 12.00
# Visual Studio Version 16
VisualStudioVersion = 16.0.29519.87
MinimumVisualStudioVersion = 10.0.40219.1
Project("{8BC9CEB8-8B4A-11D0-8D11-00A0C91BC942}") = "AOCLib", "..\AOCLib\win\AOCLib.vcxproj", "{C1B79C31-D547-4397-8FF0-13502A8ED612}"
EndProject
Project("{8BC9CEB8-8B4A-11D0-8D11-00A0C91BC942}") = "Day01", "..\Day01\win\day01.vcxproj", "{7A603E9E-AB8F-47FE-B943-BBD01F6C5728}"
EndProject
Project("{8BC9CEB8-8B4A-11D0-8D11-00A0C91BC942}") = "Day02", "..\Day02\win\day02.vcxproj", "{2B0ED95B-99D6-4788-B35E-A3D3FC032B47}"
EndProject
Project("{2150E333-8FDC-42A3-9474-1A3956D46DE8}") = "previous", "previous", "{7BE9EBF3-10E1-4C61-A14F-874D08715EDB}"
EndProject
Project("{8BC9CEB8-8B4A-11D0-8D11-00A0C91BC942}") = "Day03", "..\Day03\win\day03.vcxproj", "{6B4DD3E8-77BB-4DAF-BD28-84AE0639F680}"
EndProject
Project("{8BC9CEB8-8B4A-11D0-8D11-00A0C91BC942}") = "Day04", "..\Day04\win\day04.vcxproj", "{EB5FE541-5D2A-4979-8046-6D970A321097}"
EndProject
Project("{8BC9CEB8-8B4A-11D0-8D11-00A0C91BC942}") = "Day05", "..\Day05\win\day05.vcxproj", "{97BE9609-630A-40AA-A563-7FD36EE416A1}"
EndProject
Project("{8BC9CEB8-8B4A-11D0-8D11-00A0C91BC942}") = "Day06", "..\Day06\win\day06.vcxproj", "{EBE231CA-B920-4FE8-8B6A-F2595137FC78}"
EndProject
Project("{8BC9CEB8-8B4A-11D0-8D11-00A0C91BC942}") = "Day07", "..\Day07\win\day07.vcxproj", "{5B681C02-A3F9-412C-8C47-DAC465E066F9}"
EndProject
Project("{8BC9CEB8-8B4A-11D0-8D11-00A0C91BC942}") = "Day08", "..\Day08\win\day08.vcxproj", "{BF7A2CD3-5C4B-49B4-82E8-CEE231E470FD}"
EndProject
Project("{8BC9CEB8-8B4A-11D0-8D11-00A0C91BC942}") = "Day09", "..\Day09\win\day09.vcxproj", "{06E2E051-1909-40E0-B18C-0DA33C22829A}"
EndProject
Project("{8BC9CEB8-8B4A-11D0-8D11-00A0C91BC942}") = "Day10", "..\Day10\win\day10.vcxproj", "{8B67777F-B78D-483A-B827-A4BE4DA4471C}"
EndProject
Project("{8BC9CEB8-8B4A-11D0-8D11-00A0C91BC942}") = "Day11", "..\Day11\win\day11.vcxproj", "{9DC68C9D-92BF-4FF6-9178-BB24EEBA37B6}"
EndProject
Project("{8BC9CEB8-8B4A-11D0-8D11-00A0C91BC942}") = "Day12", "..\Day12\win\day12.vcxproj", "{CE58932F-E7D8-40FC-B037-5D4824913BBA}"
EndProject
Global
	GlobalSection(SolutionConfigurationPlatforms) = preSolution
		Debug|x64 = Debug|x64
		Debug|x86 = Debug|x86
		Release|x64 = Release|x64
		Release|x86 = Release|x86
	EndGlobalSection
	GlobalSection(ProjectConfigurationPlatforms) = postSolution
		{C1B79C31-D547-4397-8FF0-13502A8ED612}.Debug|x64.ActiveCfg = Debug|x64
		{C1B79C31-D547-4397-8FF0-13502A8ED612}.Debug|x64.Build.0 = Debug|x64
		{C1B79C31-D547-4397-8FF0-13502A8ED612}.Debug|x86.ActiveCfg = Debug|Win32
		{C1B79C31-D547-4397-8FF0-13502A8ED612}.Debug|x86.Build.0 = Debug|Win32
		{C1B79C31-D547-4397-8FF0-13502A8ED612}.Release|x64.ActiveCfg = Release|x64
		{C1B79C31-D547-4397-8FF0-13502A8ED612}.Release|x64.Build.0 = Release|x64
		{C1B79C31-D547-4397-8FF0-13502A8ED612}.Release|x86.ActiveCfg = Release|Win32
		{C1B79C31-D547-4397-8FF0-13502A8ED612}.Release|x86.Build.0 = Release|Win32
		{7A603E9E-AB8F-47FE-B943-BBD01F6C5728}.Debug|x64.ActiveCfg = Debug|x64
		{7A603E9E-AB8F-47FE-B943-BBD01F6C5728}.Debug|x64.Build.0 = Debug|x64
		{7A603E9E-AB8F-47FE-B943-BBD01F6C5728}.Debug|x86.ActiveCfg = Debug|Win32
		{7A603E9E-AB8F-47FE-B943-BBD01F6C5728}.Debug|x86.Build.0 = Debug|Win32
		{7A603E9E-AB8F-47FE-B943-BBD01F6C5728}.Release|x64.ActiveCfg = Release|x64
		{7A603E9E-AB8F-47FE-B943-BBD01F6C5728}.Release|x64.Build.0 = Release|x64
		{7A603E9E-AB8F-47FE-B943-BBD01F6C5728}.Release|x86.ActiveCfg = Release|Win32
		{7A603E9E-AB8F-47FE-B943-BBD01F6C5728}.Release|x86.Build.0 = Release|Win32
		{2B0ED95B-99D6-4788-B35E-A3D3FC032B47}.Debug|x64.ActiveCfg = Debug|x64
		{2B0ED95B-99D6-4788-B35E-A3D3FC032B47}.Debug|x64.Build.0 = Debug|x64
		{2B0ED95B-99D6-4788-B35E-A3D3FC032B47}.Debug|x86.ActiveCfg = Debug|Win32
		{2B0ED95B-99D6-4788-B35E-A3D3FC032B47}.Debug|x86.Build.0 = Debug|Win32
		{2B0ED95B-99D6-4788-B35E-A3D3FC032B47}.Release|x64.ActiveCfg = Release|x64
		{2B0ED95B-99D6-4788-B35E-A3D3FC032B47}.Release|x64.Build.0 = Release|x64
		{2B0ED95B-99D6-4788-B35E-A3D3FC032B47}.Release|x86.ActiveCfg = Release|Win32
		{2B0ED95B-99D6-4788-B35E-A3D3FC032B47}.Release|x86.Build.0 = Release|Win32
		{6B4DD3E8-77BB-4DAF-BD28-84AE0639F680}.Debug|x64.ActiveCfg = Debug|x64
		{6B4DD3E8-77BB-4DAF-BD28-84AE0639F680}.Debug|x64.Build.0 = Debug|x64
		{6B4DD3E8-77BB-4DAF-BD28-84AE0639F680}.Debug|x86.ActiveCfg = Debug|Win32
		{6B4DD3E8-77BB-4DAF-BD28-84AE0639F680}.Debug|x86.Build.0 = Debug|Win32
		{6B4DD3E8-77BB-4DAF-BD28-84AE0639F680}.Release|x64.ActiveCfg = Release|x64
		{6B4DD3E8-77BB-4DAF-BD28-84AE0639F680}.Release|x64.Build.0 = Release|x64
		{6B4DD3E8-77BB-4DAF-BD28-84AE0639F680}.Release|x86.ActiveCfg = Release|Win32
		{6B4DD3E8-77BB-4DAF-BD28-84AE0639F680}.Release|x86.Build.0 = Release|Win32
		{EB5FE541-5D2A-4979-8046-6D970A321097}.Debug|x64.ActiveCfg = Debug|x64
		{EB5FE541-5D2A-4979-8046-6D970A321097}.Debug|x64.Build.0 = Debug|x64
		{EB5FE541-5D2A-4979-8046-6D970A321097}.Debug|x86.ActiveCfg = Debug|Win32
		{EB5FE541-5D2A-4979-8046-6D970A321097}.Debug|x86.Build.0 = Debug|Win32
		{EB5FE541-5D2A-4979-8046-6D970A321097}.Release|x64.ActiveCfg = Release|x64
		{EB5FE541-5D2A-4979-8046-6D970A321097}.Release|x64.Build.0 = Release|x64
		{EB5FE541-5D2A-4979-8046-6D970A321097}.Release|x86.ActiveCfg = Release|Win32
		{EB5FE541-5D2A-4979-8046-6D970A321097}.Release|x86.Build.0 = Release|Win32
		{97BE9609-630A-40AA-A563-7FD36EE416A1}.Debug|x64.ActiveCfg = Debug|x64
		{97BE9609-630A-40AA-A563-7FD36EE416A1}.Debug|x64.Build.0 = Debug|x64
		{97BE9609-630A-40AA-A563-7FD36EE416A1}.Debug|x86.ActiveCfg = Debug|Win32
		{97BE9609-630A-40AA-A563-7FD36EE416A1}.Debug|x86.Build.0 = Debug|Win32
		{97BE9609-630A-40AA-A563-7FD36EE416A1}.Release|x64.ActiveCfg = Release|x64
		{97BE9609-630A-40AA-A563-7FD36EE416A1}.Release|x64.Build.0 = Release|x64
		{97BE9609-630A-40AA-A563-7FD36EE416A1}.Release|x86.ActiveCfg = Release|Win32
		{97BE9609-630A-40AA-A563-7FD36EE416A1}.Release|x86.Build.0 = Release|Win32
		{EBE231CA-B920-4FE8-8B6A-F2595137FC78}.Debug|x64.ActiveCfg = Debug|x64
		{EBE231CA-B920-4FE8-8B6A-F2595137FC78}.Debug|x64.Build.0 = Debug|x64
		{EBE231CA-B920-4FE8-8B6A-F2595137FC78}.Debug|x86.ActiveCfg = Debug|Win32
		{EBE231CA-B920-4FE8-8B6A-F2595137FC78}.Debug|x86.Build.0 = Debug|Win32
		{EBE231CA-B920-4FE8-8B6A-F2595137FC78}.Release|x64.ActiveCfg = Release|x64
		{EBE231CA-B920-4FE8-8B6A-F2595137FC78}.Release|x64.Build.0 = Release|x64
		{EBE231CA-B920-4FE8-8B6A-F2595137FC78}.Release|x86.ActiveCfg = Release|Win32
		{EBE231CA-B920-4FE8-8B6A-F2595137FC78}.Release|x86.Build.0 = Release|Win32
		{5B681C02-A3F9-412C-8C47-DAC465E066F9}.Debug|x64.ActiveCfg = Debug|x64
		{5B681C02-A3F9-412C-8C47-DAC465E066F9}.Debug|x64.Build.0 = Debug|x64
		{5B681C02-A3F9-412C-8C47-DAC465E066F9}.Debug|x86.ActiveCfg = Debug|Win32
		{5B681C02-A3F9-412C-8C47-DAC465E066F9}.Debug|x86.Build.0 = Debug|Win32
		{5B681C02-A3F9-412C-8C47-DAC465E066F9}.Release|x64.ActiveCfg = Release|x64
		{5B681C02-A3F9-412C-8C47-DAC465E066F9}.Release|x64.Build.0 = Release|x64
		{5B681C02-A3F9-412C-8C47-DAC465E066F9}.Release|x86.ActiveCfg = Release|Win32
		{5B681C02-A3F9-412C-8C47-DAC465E066F9}.Release|x86.Build.0 = Release|Win32
		{BF7A2CD3-5C4B-49B4-82E8-CEE231E470FD}.Debug|x64.ActiveCfg = Debug|x64
		{BF7A2CD3-5C4B-49B4-82E8-CEE231E470FD}.Debug|x64.Build.0 = Debug|x64
		{BF7A2CD3-5C4B-49B4-82E8-CEE231E470FD}.Debug|x86.ActiveCfg = Debug|Win32
		{BF7A2CD3-5C4B-49B4-82E8-CEE231E470FD}.Debug|x86.Build.0 = Debug|Win32
		{BF7A2CD3-5C4B-49B4-82E8-CEE231E470FD}.Release|x64.ActiveCfg = Release|x64
		{BF7A2CD3-5C4B-49B4-82E8-CEE231E470FD}.Release|x64.Build.0 = Release|x64
		{BF7A2CD3-5C4B-49B4-82E8-CEE231E470FD}.Release|x86.ActiveCfg = Release|Win32
		{BF7A2CD3-5C4B-49B4-82E8-CEE231E470FD}.Release|x86.Build.0 = Release|Win32
		{06E2E051-1909-40E0-B18C-0DA33C22829A}.Debug|x64.ActiveCfg = Debug|x64
		{06E2E051-1909-40E0-B18C-0DA33C22829A}.Debug|x64.Build.0 = Debug|x64
		{06E2E051-1909-40E0-B18C-0DA33C22829A}.Debug|x86.ActiveCfg = Debug|Win32
		{06E2E051-1909-40E0-B18C-0DA33C22829A}.Debug|x86.Build.0 = Debug|Win32
		{06E2E051-1909-40E0-B18C-0DA33C22829A}.Release|x64.ActiveCfg = Release|x64
		{06E2E051-1909-40E0-B18C-0DA33C22829A}.Release|x64.Build.0 = Release|x64
		{06E2E051-1909-40E0-B18C-0DA33C22829A}.Release|x86.ActiveCfg = Release|Win32
		{06E2E051-1909-40E0-B18C-0DA33C22829A}.Release|x86.Build.0 = Release|Win32
		{8B67777F-B78D-483A-B827-A4BE4DA4471C}.Debug|x64.ActiveCfg = Debug|x64
		{8B67777F-B78D-483A-B827-A4BE4DA4471C}.Debug|x64.Build.0 = Debug|x64
		{8B67777F-B78D-483A-B827-A4BE4DA4471C}.Debug|x86.ActiveCfg = Debug|Win32
		{8B67777F-B78D-483A-B827-A4BE4DA4471C}.Debug|x86.Build.0 = Debug|Win32
		{8B67777F-B78D-483A-B827-A4BE4DA4471C}.Release|x64.ActiveCfg = Release|x64
		{8B67777F-B78D-483A-B827-A4BE4DA4471C}.Release|x64.Build.0 = Release|x64
		{8B67777F-B78D-483A-B827-A4BE4DA4471C}.Release|x86.ActiveCfg = Release|Win32
		{8B67777F-B78D-483A-B827-A4BE4DA4471C}.Release|x86.Build.0 = Release|Win32
		{9DC68C9D-92BF-4FF6-9178-BB24EEBA37B6}.Debug|x64.ActiveCfg = Debug|x64
		{9DC68C9D-92BF-4FF6-9178-BB24EEBA37B6}.Debug|x64.Build.0 = Debug|x64
		{9DC68C9D-92BF-4FF6-9178-BB24EEBA37B6}.Debug|x86.ActiveCfg = Debug|Win32
		{9DC68C9D-92BF-4FF6-9178-BB24EEBA37B6}.Debug|x86.Build.0 = Debug|Win32
		{9DC68C9D-92BF-4FF6-9178-BB24EEBA37B6}.Release|x64.ActiveCfg = Release|x64
		{9DC68C9D-92BF-4FF6-9178-BB24EEBA37B6}.Release|x64.Build.0 = Release|x64
		{9DC68C9D-92BF-4FF6-9178-BB24EEBA37B6}.Release|x86.ActiveCfg = Release|Win32
		{9DC68C9D-92BF-4FF6-9178-BB24EEBA37B6}.Release|x86.Build.0 = Release|Win32
		{CE58932F-E7D8-40FC-B037-5D4824913BBA}.Debug|x64.ActiveCfg = Debug|x64
		{CE58932F-E7D8-40FC-B037-5D4824913BBA}.Debug|x64.Build.0 = Debug|x64
		{CE58932F-E7D8-40FC-B037-5D4824913BBA}.Debug|x86.ActiveCfg = Debug|Win32
		{CE58932F-E7D8-40FC-B037-5D4824913BBA}.Debug|x86.Build.0 = Debug|Win32
		{CE58932F-E7D8-40FC-B037-5D4824913BBA}.Release|x64.ActiveCfg = Release|x64
		{CE58932F-E7D8-40FC-B037-5D4824913BBA}.Release|x64.Build.0 = Release|x64
		{CE58932F-E7D8-40FC-B037-5D4824913BBA}.Release|x86.ActiveCfg = Release|Win32
		{CE58932F-E7D8-40FC-B037-5D4824913BBA}.Release|x86.Build.0 = Release|Win32
	EndGlobalSection
	GlobalSection(SolutionProperties) = preSolution
		HideSolutionNode = FALSE
	EndGlobalSection
	GlobalSection(NestedProjects) = preSolution
		{7A603E9E-AB8F-47FE-B943-BBD01F6C5728} = {7BE9EBF3-10E1-4C61-A14F-874D08715EDB}
		{2B0ED95B-99D6-4788-B35E-A3D3FC032B47} = {7BE9EBF3-10E1-4C61-A14F-874D08715EDB}
		{6B4DD3E8-77BB-4DAF-BD28-84AE0639F680} = {7BE9EBF3-10E1-4C61-A14F-874D08715EDB}
		{EB5FE541-5D2A-4979-8046-6D970A321097} = {7BE9EBF3-10E1-4C61-A14F-874D08715EDB}
		{97BE9609-630A-40AA-A563-7FD36EE416A1} = {7BE9EBF3-10E1-4C61-A14F-874D08715EDB}
		{EBE231CA-B920-4FE8-8B6A-F2595137FC78} = {7BE9EBF3-10E1-4C61-A14F-874D08715EDB}
		{5B681C02-A3F9-412C-8C47-DAC465E066F9} = {7BE9EBF3-10E1-4C61-A14F-874D08715EDB}
		{BF7A2CD3-5C4B-49B4-82E8-CEE231E470FD} = {7BE9EBF3-10E1-4C61-A14F-874D08715EDB}
		{06E2E051-1909-40E0-B18C-0DA33C22829A} = {7BE9EBF3-10E1-4C61-A14F-874D08715EDB}
		{8B67777F-B78D-483A-B827-A4BE4DA4471C} = {7BE9EBF3-10E1-4C61-A14F-874D08715EDB}
		{9DC68C9D-92BF-4FF6-9178-BB24EEBA37B6} = {7BE9EBF3-10E1-4C61-A14F-874D08715EDB}
	EndGlobalSection
	GlobalSection(ExtensibilityGlobals) = postSolution
		SolutionGuid = {ADB9513D-63A5-48C4-8B51-4885B03BC37F}
	EndGlobalSection
EndGlobal
